
Microsoft Visual Studio Solution File, Format Version 12.00
# Visual Studio Version 17
VisualStudioVersion = 17.7.34221.43
MinimumVisualStudioVersion = 10.0.40219.1
Project("{FAE04EC0-301F-11D3-BF4B-00C04F79EFBC}") = "Trolley.Domain", "Trolley.Domain\Trolley.Domain.csproj", "{7ECC24E2-ECA1-459A-B01A-C40DC12B69ED}"
EndProject
Global
	GlobalSection(SolutionConfigurationPlatforms) = preSolution
		Debug|Any CPU = Debug|Any CPU
		Release|Any CPU = Release|Any CPU
	EndGlobalSection
	GlobalSection(ProjectConfigurationPlatforms) = postSolution
		{7ECC24E2-ECA1-459A-B01A-C40DC12B69ED}.Debug|Any CPU.ActiveCfg = Debug|Any CPU
		{7ECC24E2-ECA1-459A-B01A-C40DC12B69ED}.Debug|Any CPU.Build.0 = Debug|Any CPU
		{7ECC24E2-ECA1-459A-B01A-C40DC12B69ED}.Release|Any CPU.ActiveCfg = Release|Any CPU
		{7ECC24E2-ECA1-459A-B01A-C40DC12B69ED}.Release|Any CPU.Build.0 = Release|Any CPU
	EndGlobalSection
	GlobalSection(SolutionProperties) = preSolution
		HideSolutionNode = FALSE
	EndGlobalSection
	GlobalSection(ExtensibilityGlobals) = postSolution
		SolutionGuid = {403E742F-2F12-42C7-9B42-473A2B75657A}
	EndGlobalSection
EndGlobal
